// !$*UTF8*$!
{
	archiveVersion = 1;
	classes = {
	};
	objectVersion = 50;
	objects = {

/* Begin PBXBuildFile section */
		5F424BF920B4E7AA00996F4F /* AppDelegate.swift in Sources */ = {isa = PBXBuildFile; fileRef = 5F424BF820B4E7AA00996F4F /* AppDelegate.swift */; };
		5F424BFB20B4E7AA00996F4F /* ViewController.swift in Sources */ = {isa = PBXBuildFile; fileRef = 5F424BFA20B4E7AA00996F4F /* ViewController.swift */; };
		5F424BFE20B4E7AA00996F4F /* Main.storyboard in Resources */ = {isa = PBXBuildFile; fileRef = 5F424BFC20B4E7AA00996F4F /* Main.storyboard */; };
		5F424C0020B4E7AD00996F4F /* Assets.xcassets in Resources */ = {isa = PBXBuildFile; fileRef = 5F424BFF20B4E7AD00996F4F /* Assets.xcassets */; };
		5F424C0320B4E7AD00996F4F /* LaunchScreen.storyboard in Resources */ = {isa = PBXBuildFile; fileRef = 5F424C0120B4E7AD00996F4F /* LaunchScreen.storyboard */; };
		5F424C0E20B4E7AE00996F4F /* Light_BeatsTests.swift in Sources */ = {isa = PBXBuildFile; fileRef = 5F424C0D20B4E7AE00996F4F /* Light_BeatsTests.swift */; };
		5F424C1920B4E7AE00996F4F /* Light_BeatsUITests.swift in Sources */ = {isa = PBXBuildFile; fileRef = 5F424C1820B4E7AE00996F4F /* Light_BeatsUITests.swift */; };
/* End PBXBuildFile section */

/* Begin PBXContainerItemProxy section */
		5F424C0A20B4E7AE00996F4F /* PBXContainerItemProxy */ = {
			isa = PBXContainerItemProxy;
			containerPortal = 5F424BED20B4E7AA00996F4F /* Project object */;
			proxyType = 1;
			remoteGlobalIDString = 5F424BF420B4E7AA00996F4F;
			remoteInfo = "Light Beats";
		};
		5F424C1520B4E7AE00996F4F /* PBXContainerItemProxy */ = {
			isa = PBXContainerItemProxy;
			containerPortal = 5F424BED20B4E7AA00996F4F /* Project object */;
			proxyType = 1;
			remoteGlobalIDString = 5F424BF420B4E7AA00996F4F;
			remoteInfo = "Light Beats";
		};
/* End PBXContainerItemProxy section */

/* Begin PBXFileReference section */
		5F424BF520B4E7AA00996F4F /* Light Beats.app */ = {isa = PBXFileReference; explicitFileType = wrapper.application; includeInIndex = 0; path = "Light Beats.app"; sourceTree = BUILT_PRODUCTS_DIR; };
		5F424BF820B4E7AA00996F4F /* AppDelegate.swift */ = {isa = PBXFileReference; lastKnownFileType = sourcecode.swift; path = AppDelegate.swift; sourceTree = "<group>"; };
		5F424BFA20B4E7AA00996F4F /* ViewController.swift */ = {isa = PBXFileReference; lastKnownFileType = sourcecode.swift; path = ViewController.swift; sourceTree = "<group>"; };
		5F424BFD20B4E7AA00996F4F /* Base */ = {isa = PBXFileReference; lastKnownFileType = file.storyboard; name = Base; path = Base.lproj/Main.storyboard; sourceTree = "<group>"; };
		5F424BFF20B4E7AD00996F4F /* Assets.xcassets */ = {isa = PBXFileReference; lastKnownFileType = folder.assetcatalog; path = Assets.xcassets; sourceTree = "<group>"; };
		5F424C0220B4E7AD00996F4F /* Base */ = {isa = PBXFileReference; lastKnownFileType = file.storyboard; name = Base; path = Base.lproj/LaunchScreen.storyboard; sourceTree = "<group>"; };
		5F424C0420B4E7AD00996F4F /* Info.plist */ = {isa = PBXFileReference; lastKnownFileType = text.plist.xml; path = Info.plist; sourceTree = "<group>"; };
		5F424C0920B4E7AE00996F4F /* Light BeatsTests.xctest */ = {isa = PBXFileReference; explicitFileType = wrapper.cfbundle; includeInIndex = 0; path = "Light BeatsTests.xctest"; sourceTree = BUILT_PRODUCTS_DIR; };
		5F424C0D20B4E7AE00996F4F /* Light_BeatsTests.swift */ = {isa = PBXFileReference; lastKnownFileType = sourcecode.swift; path = Light_BeatsTests.swift; sourceTree = "<group>"; };
		5F424C0F20B4E7AE00996F4F /* Info.plist */ = {isa = PBXFileReference; lastKnownFileType = text.plist.xml; path = Info.plist; sourceTree = "<group>"; };
		5F424C1420B4E7AE00996F4F /* Light BeatsUITests.xctest */ = {isa = PBXFileReference; explicitFileType = wrapper.cfbundle; includeInIndex = 0; path = "Light BeatsUITests.xctest"; sourceTree = BUILT_PRODUCTS_DIR; };
		5F424C1820B4E7AE00996F4F /* Light_BeatsUITests.swift */ = {isa = PBXFileReference; lastKnownFileType = sourcecode.swift; path = Light_BeatsUITests.swift; sourceTree = "<group>"; };
		5F424C1A20B4E7AE00996F4F /* Info.plist */ = {isa = PBXFileReference; lastKnownFileType = text.plist.xml; path = Info.plist; sourceTree = "<group>"; };
/* End PBXFileReference section */

/* Begin PBXFrameworksBuildPhase section */
		5F424BF220B4E7AA00996F4F /* Frameworks */ = {
			isa = PBXFrameworksBuildPhase;
			buildActionMask = 2147483647;
			files = (
			);
			runOnlyForDeploymentPostprocessing = 0;
		};
		5F424C0620B4E7AE00996F4F /* Frameworks */ = {
			isa = PBXFrameworksBuildPhase;
			buildActionMask = 2147483647;
			files = (
			);
			runOnlyForDeploymentPostprocessing = 0;
		};
		5F424C1120B4E7AE00996F4F /* Frameworks */ = {
			isa = PBXFrameworksBuildPhase;
			buildActionMask = 2147483647;
			files = (
			);
			runOnlyForDeploymentPostprocessing = 0;
		};
/* End PBXFrameworksBuildPhase section */

/* Begin PBXGroup section */
		5F424BEC20B4E7AA00996F4F = {
			isa = PBXGroup;
			children = (
				5F424BF720B4E7AA00996F4F /* Light Beats */,
				5F424C0C20B4E7AE00996F4F /* Light BeatsTests */,
				5F424C1720B4E7AE00996F4F /* Light BeatsUITests */,
				5F424BF620B4E7AA00996F4F /* Products */,
			);
			sourceTree = "<group>";
		};
		5F424BF620B4E7AA00996F4F /* Products */ = {
			isa = PBXGroup;
			children = (
				5F424BF520B4E7AA00996F4F /* Light Beats.app */,
				5F424C0920B4E7AE00996F4F /* Light BeatsTests.xctest */,
				5F424C1420B4E7AE00996F4F /* Light BeatsUITests.xctest */,
			);
			name = Products;
			sourceTree = "<group>";
		};
		5F424BF720B4E7AA00996F4F /* Light Beats */ = {
			isa = PBXGroup;
			children = (
				5F424BF820B4E7AA00996F4F /* AppDelegate.swift */,
				5F424BFA20B4E7AA00996F4F /* ViewController.swift */,
				5F424BFC20B4E7AA00996F4F /* Main.storyboard */,
				5F424BFF20B4E7AD00996F4F /* Assets.xcassets */,
				5F424C0120B4E7AD00996F4F /* LaunchScreen.storyboard */,
				5F424C0420B4E7AD00996F4F /* Info.plist */,
			);
			path = "Light Beats";
			sourceTree = "<group>";
		};
		5F424C0C20B4E7AE00996F4F /* Light BeatsTests */ = {
			isa = PBXGroup;
			children = (
				5F424C0D20B4E7AE00996F4F /* Light_BeatsTests.swift */,
				5F424C0F20B4E7AE00996F4F /* Info.plist */,
			);
			path = "Light BeatsTests";
			sourceTree = "<group>";
		};
		5F424C1720B4E7AE00996F4F /* Light BeatsUITests */ = {
			isa = PBXGroup;
			children = (
				5F424C1820B4E7AE00996F4F /* Light_BeatsUITests.swift */,
				5F424C1A20B4E7AE00996F4F /* Info.plist */,
			);
			path = "Light BeatsUITests";
			sourceTree = "<group>";
		};
/* End PBXGroup section */

/* Begin PBXNativeTarget section */
		5F424BF420B4E7AA00996F4F /* Light Beats */ = {
			isa = PBXNativeTarget;
			buildConfigurationList = 5F424C1D20B4E7AE00996F4F /* Build configuration list for PBXNativeTarget "Light Beats" */;
			buildPhases = (
				5F424BF120B4E7AA00996F4F /* Sources */,
				5F424BF220B4E7AA00996F4F /* Frameworks */,
				5F424BF320B4E7AA00996F4F /* Resources */,
			);
			buildRules = (
			);
			dependencies = (
			);
			name = "Light Beats";
			productName = "Light Beats";
			productReference = 5F424BF520B4E7AA00996F4F /* Light Beats.app */;
			productType = "com.apple.product-type.application";
		};
		5F424C0820B4E7AE00996F4F /* Light BeatsTests */ = {
			isa = PBXNativeTarget;
			buildConfigurationList = 5F424C2020B4E7AE00996F4F /* Build configuration list for PBXNativeTarget "Light BeatsTests" */;
			buildPhases = (
				5F424C0520B4E7AE00996F4F /* Sources */,
				5F424C0620B4E7AE00996F4F /* Frameworks */,
				5F424C0720B4E7AE00996F4F /* Resources */,
			);
			buildRules = (
			);
			dependencies = (
				5F424C0B20B4E7AE00996F4F /* PBXTargetDependency */,
			);
			name = "Light BeatsTests";
			productName = "Light BeatsTests";
			productReference = 5F424C0920B4E7AE00996F4F /* Light BeatsTests.xctest */;
			productType = "com.apple.product-type.bundle.unit-test";
		};
		5F424C1320B4E7AE00996F4F /* Light BeatsUITests */ = {
			isa = PBXNativeTarget;
			buildConfigurationList = 5F424C2320B4E7AE00996F4F /* Build configuration list for PBXNativeTarget "Light BeatsUITests" */;
			buildPhases = (
				5F424C1020B4E7AE00996F4F /* Sources */,
				5F424C1120B4E7AE00996F4F /* Frameworks */,
				5F424C1220B4E7AE00996F4F /* Resources */,
			);
			buildRules = (
			);
			dependencies = (
				5F424C1620B4E7AE00996F4F /* PBXTargetDependency */,
			);
			name = "Light BeatsUITests";
			productName = "Light BeatsUITests";
			productReference = 5F424C1420B4E7AE00996F4F /* Light BeatsUITests.xctest */;
			productType = "com.apple.product-type.bundle.ui-testing";
		};
/* End PBXNativeTarget section */

/* Begin PBXProject section */
		5F424BED20B4E7AA00996F4F /* Project object */ = {
			isa = PBXProject;
			attributes = {
				LastSwiftUpdateCheck = 0930;
				LastUpgradeCheck = 0930;
				ORGANIZATIONNAME = "Aidan Kaiser";
				TargetAttributes = {
					5F424BF420B4E7AA00996F4F = {
						CreatedOnToolsVersion = 9.3.1;
					};
					5F424C0820B4E7AE00996F4F = {
						CreatedOnToolsVersion = 9.3.1;
						TestTargetID = 5F424BF420B4E7AA00996F4F;
					};
					5F424C1320B4E7AE00996F4F = {
						CreatedOnToolsVersion = 9.3.1;
						TestTargetID = 5F424BF420B4E7AA00996F4F;
					};
				};
			};
			buildConfigurationList = 5F424BF020B4E7AA00996F4F /* Build configuration list for PBXProject "Light Beats" */;
			compatibilityVersion = "Xcode 9.3";
			developmentRegion = en;
			hasScannedForEncodings = 0;
			knownRegions = (
				en,
				Base,
			);
			mainGroup = 5F424BEC20B4E7AA00996F4F;
			productRefGroup = 5F424BF620B4E7AA00996F4F /* Products */;
			projectDirPath = "";
			projectRoot = "";
			targets = (
				5F424BF420B4E7AA00996F4F /* Light Beats */,
				5F424C0820B4E7AE00996F4F /* Light BeatsTests */,
				5F424C1320B4E7AE00996F4F /* Light BeatsUITests */,
			);
		};
/* End PBXProject section */

/* Begin PBXResourcesBuildPhase section */
		5F424BF320B4E7AA00996F4F /* Resources */ = {
			isa = PBXResourcesBuildPhase;
			buildActionMask = 2147483647;
			files = (
				5F424C0320B4E7AD00996F4F /* LaunchScreen.storyboard in Resources */,
				5F424C0020B4E7AD00996F4F /* Assets.xcassets in Resources */,
				5F424BFE20B4E7AA00996F4F /* Main.storyboard in Resources */,
			);
			runOnlyForDeploymentPostprocessing = 0;
		};
		5F424C0720B4E7AE00996F4F /* Resources */ = {
			isa = PBXResourcesBuildPhase;
			buildActionMask = 2147483647;
			files = (
			);
			runOnlyForDeploymentPostprocessing = 0;
		};
		5F424C1220B4E7AE00996F4F /* Resources */ = {
			isa = PBXResourcesBuildPhase;
			buildActionMask = 2147483647;
			files = (
			);
			runOnlyForDeploymentPostprocessing = 0;
		};
/* End PBXResourcesBuildPhase section */

/* Begin PBXSourcesBuildPhase section */
		5F424BF120B4E7AA00996F4F /* Sources */ = {
			isa = PBXSourcesBuildPhase;
			buildActionMask = 2147483647;
			files = (
				5F424BFB20B4E7AA00996F4F /* ViewController.swift in Sources */,
				5F424BF920B4E7AA00996F4F /* AppDelegate.swift in Sources */,
			);
			runOnlyForDeploymentPostprocessing = 0;
		};
		5F424C0520B4E7AE00996F4F /* Sources */ = {
			isa = PBXSourcesBuildPhase;
			buildActionMask = 2147483647;
			files = (
				5F424C0E20B4E7AE00996F4F /* Light_BeatsTests.swift in Sources */,
			);
			runOnlyForDeploymentPostprocessing = 0;
		};
		5F424C1020B4E7AE00996F4F /* Sources */ = {
			isa = PBXSourcesBuildPhase;
			buildActionMask = 2147483647;
			files = (
				5F424C1920B4E7AE00996F4F /* Light_BeatsUITests.swift in Sources */,
			);
			runOnlyForDeploymentPostprocessing = 0;
		};
/* End PBXSourcesBuildPhase section */

/* Begin PBXTargetDependency section */
		5F424C0B20B4E7AE00996F4F /* PBXTargetDependency */ = {
			isa = PBXTargetDependency;
			target = 5F424BF420B4E7AA00996F4F /* Light Beats */;
			targetProxy = 5F424C0A20B4E7AE00996F4F /* PBXContainerItemProxy */;
		};
		5F424C1620B4E7AE00996F4F /* PBXTargetDependency */ = {
			isa = PBXTargetDependency;
			target = 5F424BF420B4E7AA00996F4F /* Light Beats */;
			targetProxy = 5F424C1520B4E7AE00996F4F /* PBXContainerItemProxy */;
		};
/* End PBXTargetDependency section */

/* Begin PBXVariantGroup section */
		5F424BFC20B4E7AA00996F4F /* Main.storyboard */ = {
			isa = PBXVariantGroup;
			children = (
				5F424BFD20B4E7AA00996F4F /* Base */,
			);
			name = Main.storyboard;
			sourceTree = "<group>";
		};
		5F424C0120B4E7AD00996F4F /* LaunchScreen.storyboard */ = {
			isa = PBXVariantGroup;
			children = (
				5F424C0220B4E7AD00996F4F /* Base */,
			);
			name = LaunchScreen.storyboard;
			sourceTree = "<group>";
		};
/* End PBXVariantGroup section */

/* Begin XCBuildConfiguration section */
		5F424C1B20B4E7AE00996F4F /* Debug */ = {
			isa = XCBuildConfiguration;
			buildSettings = {
				ALWAYS_SEARCH_USER_PATHS = NO;
				CLANG_ANALYZER_NONNULL = YES;
				CLANG_ANALYZER_NUMBER_OBJECT_CONVERSION = YES_AGGRESSIVE;
				CLANG_CXX_LANGUAGE_STANDARD = "gnu++14";
				CLANG_CXX_LIBRARY = "libc++";
				CLANG_ENABLE_MODULES = YES;
				CLANG_ENABLE_OBJC_ARC = YES;
				CLANG_ENABLE_OBJC_WEAK = YES;
				CLANG_WARN_BLOCK_CAPTURE_AUTORELEASING = YES;
				CLANG_WARN_BOOL_CONVERSION = YES;
				CLANG_WARN_COMMA = YES;
				CLANG_WARN_CONSTANT_CONVERSION = YES;
				CLANG_WARN_DEPRECATED_OBJC_IMPLEMENTATIONS = YES;
				CLANG_WARN_DIRECT_OBJC_ISA_USAGE = YES_ERROR;
				CLANG_WARN_DOCUMENTATION_COMMENTS = YES;
				CLANG_WARN_EMPTY_BODY = YES;
				CLANG_WARN_ENUM_CONVERSION = YES;
				CLANG_WARN_INFINITE_RECURSION = YES;
				CLANG_WARN_INT_CONVERSION = YES;
				CLANG_WARN_NON_LITERAL_NULL_CONVERSION = YES;
				CLANG_WARN_OBJC_IMPLICIT_RETAIN_SELF = YES;
				CLANG_WARN_OBJC_LITERAL_CONVERSION = YES;
				CLANG_WARN_OBJC_ROOT_CLASS = YES_ERROR;
				CLANG_WARN_RANGE_LOOP_ANALYSIS = YES;
				CLANG_WARN_STRICT_PROTOTYPES = YES;
				CLANG_WARN_SUSPICIOUS_MOVE = YES;
				CLANG_WARN_UNGUARDED_AVAILABILITY = YES_AGGRESSIVE;
				CLANG_WARN_UNREACHABLE_CODE = YES;
				CLANG_WARN__DUPLICATE_METHOD_MATCH = YES;
				CODE_SIGN_IDENTITY = "iPhone Developer";
				COPY_PHASE_STRIP = NO;
				DEBUG_INFORMATION_FORMAT = dwarf;
				ENABLE_STRICT_OBJC_MSGSEND = YES;
				ENABLE_TESTABILITY = YES;
				GCC_C_LANGUAGE_STANDARD = gnu11;
				GCC_DYNAMIC_NO_PIC = NO;
				GCC_NO_COMMON_BLOCKS = YES;
				GCC_OPTIMIZATION_LEVEL = 0;
				GCC_PREPROCESSOR_DEFINITIONS = (
					"DEBUG=1",
					"$(inherited)",
				);
				GCC_WARN_64_TO_32_BIT_CONVERSION = YES;
				GCC_WARN_ABOUT_RETURN_TYPE = YES_ERROR;
				GCC_WARN_UNDECLARED_SELECTOR = YES;
				GCC_WARN_UNINITIALIZED_AUTOS = YES_AGGRESSIVE;
				GCC_WARN_UNUSED_FUNCTION = YES;
				GCC_WARN_UNUSED_VARIABLE = YES;
				IPHONEOS_DEPLOYMENT_TARGET = 11.3;
				MTL_ENABLE_DEBUG_INFO = YES;
				ONLY_ACTIVE_ARCH = YES;
				SDKROOT = iphoneos;
				SWIFT_ACTIVE_COMPILATION_CONDITIONS = DEBUG;
				SWIFT_OPTIMIZATION_LEVEL = "-Onone";
			};
			name = Debug;
		};
		5F424C1C20B4E7AE00996F4F /* Release */ = {
			isa = XCBuildConfiguration;
			buildSettings = {
				ALWAYS_SEARCH_USER_PATHS = NO;
				CLANG_ANALYZER_NONNULL = YES;
				CLANG_ANALYZER_NUMBER_OBJECT_CONVERSION = YES_AGGRESSIVE;
				CLANG_CXX_LANGUAGE_STANDARD = "gnu++14";
				CLANG_CXX_LIBRARY = "libc++";
				CLANG_ENABLE_MODULES = YES;
				CLANG_ENABLE_OBJC_ARC = YES;
				CLANG_ENABLE_OBJC_WEAK = YES;
				CLANG_WARN_BLOCK_CAPTURE_AUTORELEASING = YES;
				CLANG_WARN_BOOL_CONVERSION = YES;
				CLANG_WARN_COMMA = YES;
				CLANG_WARN_CONSTANT_CONVERSION = YES;
				CLANG_WARN_DEPRECATED_OBJC_IMPLEMENTATIONS = YES;
				CLANG_WARN_DIRECT_OBJC_ISA_USAGE = YES_ERROR;
				CLANG_WARN_DOCUMENTATION_COMMENTS = YES;
				CLANG_WARN_EMPTY_BODY = YES;
				CLANG_WARN_ENUM_CONVERSION = YES;
				CLANG_WARN_INFINITE_RECURSION = YES;
				CLANG_WARN_INT_CONVERSION = YES;
				CLANG_WARN_NON_LITERAL_NULL_CONVERSION = YES;
				CLANG_WARN_OBJC_IMPLICIT_RETAIN_SELF = YES;
				CLANG_WARN_OBJC_LITERAL_CONVERSION = YES;
				CLANG_WARN_OBJC_ROOT_CLASS = YES_ERROR;
				CLANG_WARN_RANGE_LOOP_ANALYSIS = YES;
				CLANG_WARN_STRICT_PROTOTYPES = YES;
				CLANG_WARN_SUSPICIOUS_MOVE = YES;
				CLANG_WARN_UNGUARDED_AVAILABILITY = YES_AGGRESSIVE;
				CLANG_WARN_UNREACHABLE_CODE = YES;
				CLANG_WARN__DUPLICATE_METHOD_MATCH = YES;
				CODE_SIGN_IDENTITY = "iPhone Developer";
				COPY_PHASE_STRIP = NO;
				DEBUG_INFORMATION_FORMAT = "dwarf-with-dsym";
				ENABLE_NS_ASSERTIONS = NO;
				ENABLE_STRICT_OBJC_MSGSEND = YES;
				GCC_C_LANGUAGE_STANDARD = gnu11;
				GCC_NO_COMMON_BLOCKS = YES;
				GCC_WARN_64_TO_32_BIT_CONVERSION = YES;
				GCC_WARN_ABOUT_RETURN_TYPE = YES_ERROR;
				GCC_WARN_UNDECLARED_SELECTOR = YES;
				GCC_WARN_UNINITIALIZED_AUTOS = YES_AGGRESSIVE;
				GCC_WARN_UNUSED_FUNCTION = YES;
				GCC_WARN_UNUSED_VARIABLE = YES;
				IPHONEOS_DEPLOYMENT_TARGET = 11.3;
				MTL_ENABLE_DEBUG_INFO = NO;
				SDKROOT = iphoneos;
				SWIFT_COMPILATION_MODE = wholemodule;
				SWIFT_OPTIMIZATION_LEVEL = "-O";
				VALIDATE_PRODUCT = YES;
			};
			name = Release;
		};
		5F424C1E20B4E7AE00996F4F /* Debug */ = {
			isa = XCBuildConfiguration;
			buildSettings = {
				ASSETCATALOG_COMPILER_APPICON_NAME = AppIcon;
				CODE_SIGN_STYLE = Automatic;
				DEVELOPMENT_TEAM = 355JDYY59M;
				INFOPLIST_FILE = "Light Beats/Info.plist";
				LD_RUNPATH_SEARCH_PATHS = (
					"$(inherited)",
					"@executable_path/Frameworks",
				);
				PRODUCT_BUNDLE_IDENTIFIER = "com.KeithKaiser.Light-Beats";
				PRODUCT_NAME = "$(TARGET_NAME)";
				SWIFT_VERSION = 4.0;
				TARGETED_DEVICE_FAMILY = "1,2";
			};
			name = Debug;
		};
		5F424C1F20B4E7AE00996F4F /* Release */ = {
			isa = XCBuildConfiguration;
			buildSettings = {
				ASSETCATALOG_COMPILER_APPICON_NAME = AppIcon;
				CODE_SIGN_STYLE = Automatic;
				DEVELOPMENT_TEAM = 355JDYY59M;
				INFOPLIST_FILE = "Light Beats/Info.plist";
				LD_RUNPATH_SEARCH_PATHS = (
					"$(inherited)",
					"@executable_path/Frameworks",
				);
				PRODUCT_BUNDLE_IDENTIFIER = "com.KeithKaiser.Light-Beats";
				PRODUCT_NAME = "$(TARGET_NAME)";
				SWIFT_VERSION = 4.0;
				TARGETED_DEVICE_FAMILY = "1,2";
			};
			name = Release;
		};
		5F424C2120B4E7AE00996F4F /* Debug */ = {
			isa = XCBuildConfiguration;
			buildSettings = {
				ALWAYS_EMBED_SWIFT_STANDARD_LIBRARIES = YES;
				BUNDLE_LOADER = "$(TEST_HOST)";
				CODE_SIGN_STYLE = Automatic;
				DEVELOPMENT_TEAM = 355JDYY59M;
				INFOPLIST_FILE = "Light BeatsTests/Info.plist";
				LD_RUNPATH_SEARCH_PATHS = (
					"$(inherited)",
					"@executable_path/Frameworks",
					"@loader_path/Frameworks",
				);
				PRODUCT_BUNDLE_IDENTIFIER = "com.KeithKaiser.Light-BeatsTests";
				PRODUCT_NAME = "$(TARGET_NAME)";
				SWIFT_VERSION = 4.0;
				TARGETED_DEVICE_FAMILY = "1,2";
				TEST_HOST = "$(BUILT_PRODUCTS_DIR)/Light Beats.app/Light Beats";
			};
			name = Debug;
		};
		5F424C2220B4E7AE00996F4F /* Release */ = {
			isa = XCBuildConfiguration;
			buildSettings = {
				ALWAYS_EMBED_SWIFT_STANDARD_LIBRARIES = YES;
				BUNDLE_LOADER = "$(TEST_HOST)";
				CODE_SIGN_STYLE = Automatic;
				DEVELOPMENT_TEAM = 355JDYY59M;
				INFOPLIST_FILE = "Light BeatsTests/Info.plist";
				LD_RUNPATH_SEARCH_PATHS = (
					"$(inherited)",
					"@executable_path/Frameworks",
					"@loader_path/Frameworks",
				);
				PRODUCT_BUNDLE_IDENTIFIER = "com.KeithKaiser.Light-BeatsTests";
				PRODUCT_NAME = "$(TARGET_NAME)";
				SWIFT_VERSION = 4.0;
				TARGETED_DEVICE_FAMILY = "1,2";
				TEST_HOST = "$(BUILT_PRODUCTS_DIR)/Light Beats.app/Light Beats";
			};
			name = Release;
		};
		5F424C2420B4E7AE00996F4F /* Debug */ = {
			isa = XCBuildConfiguration;
			buildSettings = {
				ALWAYS_EMBED_SWIFT_STANDARD_LIBRARIES = YES;
				CODE_SIGN_STYLE = Automatic;
				DEVELOPMENT_TEAM = 355JDYY59M;
				INFOPLIST_FILE = "Light BeatsUITests/Info.plist";
				LD_RUNPATH_SEARCH_PATHS = (
					"$(inherited)",
					"@executable_path/Frameworks",
					"@loader_path/Frameworks",
				);
				PRODUCT_BUNDLE_IDENTIFIER = "com.KeithKaiser.Light-BeatsUITests";
				PRODUCT_NAME = "$(TARGET_NAME)";
				SWIFT_VERSION = 4.0;
				TARGETED_DEVICE_FAMILY = "1,2";
				TEST_TARGET_NAME = "Light Beats";
			};
			name = Debug;
		};
		5F424C2520B4E7AE00996F4F /* Release */ = {
			isa = XCBuildConfiguration;
			buildSettings = {
				ALWAYS_EMBED_SWIFT_STANDARD_LIBRARIES = YES;
				CODE_SIGN_STYLE = Automatic;
				DEVELOPMENT_TEAM = 355JDYY59M;
				INFOPLIST_FILE = "Light BeatsUITests/Info.plist";
				LD_RUNPATH_SEARCH_PATHS = (
					"$(inherited)",
					"@executable_path/Frameworks",
					"@loader_path/Frameworks",
				);
				PRODUCT_BUNDLE_IDENTIFIER = "com.KeithKaiser.Light-BeatsUITests";
				PRODUCT_NAME = "$(TARGET_NAME)";
				SWIFT_VERSION = 4.0;
				TARGETED_DEVICE_FAMILY = "1,2";
				TEST_TARGET_NAME = "Light Beats";
			};
			name = Release;
		};
/* End XCBuildConfiguration section */

/* Begin XCConfigurationList section */
		5F424BF020B4E7AA00996F4F /* Build configuration list for PBXProject "Light Beats" */ = {
			isa = XCConfigurationList;
			buildConfigurations = (
				5F424C1B20B4E7AE00996F4F /* Debug */,
				5F424C1C20B4E7AE00996F4F /* Release */,
			);
			defaultConfigurationIsVisible = 0;
			defaultConfigurationName = Release;
		};
		5F424C1D20B4E7AE00996F4F /* Build configuration list for PBXNativeTarget "Light Beats" */ = {
			isa = XCConfigurationList;
			buildConfigurations = (
				5F424C1E20B4E7AE00996F4F /* Debug */,
				5F424C1F20B4E7AE00996F4F /* Release */,
			);
			defaultConfigurationIsVisible = 0;
			defaultConfigurationName = Release;
		};
		5F424C2020B4E7AE00996F4F /* Build configuration list for PBXNativeTarget "Light BeatsTests" */ = {
			isa = XCConfigurationList;
			buildConfigurations = (
				5F424C2120B4E7AE00996F4F /* Debug */,
				5F424C2220B4E7AE00996F4F /* Release */,
			);
			defaultConfigurationIsVisible = 0;
			defaultConfigurationName = Release;
		};
		5F424C2320B4E7AE00996F4F /* Build configuration list for PBXNativeTarget "Light BeatsUITests" */ = {
			isa = XCConfigurationList;
			buildConfigurations = (
				5F424C2420B4E7AE00996F4F /* Debug */,
				5F424C2520B4E7AE00996F4F /* Release */,
			);
			defaultConfigurationIsVisible = 0;
			defaultConfigurationName = Release;
		};
/* End XCConfigurationList section */
	};
	rootObject = 5F424BED20B4E7AA00996F4F /* Project object */;
}
